
Microsoft Visual Studio Solution File, Format Version 12.00
# Visual Studio Version 17
VisualStudioVersion = 17.14.36121.58
MinimumVisualStudioVersion = 10.0.40219.1
Project("{FAE04EC0-301F-11D3-BF4B-00C04F79EFBC}") = "FlowGuard.API", "src\FlowGuard.API\FlowGuard.API.csproj", "{01B658B1-F804-6706-91D5-7FF6A5B78EFE}"
EndProject
Project("{2150E333-8FDC-42A3-9474-1A3956D46DE8}") = "src", "src", "{02EA681E-C7D8-13C7-8484-4AC65E1B71E8}"
EndProject
Project("{2150E333-8FDC-42A3-9474-1A3956D46DE8}") = "tests", "tests", "{5D6916C3-22EE-452F-93D3-9ED98EC0A38E}"
EndProject
Global
	GlobalSection(SolutionConfigurationPlatforms) = preSolution
		Debug|Any CPU = Debug|Any CPU
		Release|Any CPU = Release|Any CPU
	EndGlobalSection
	GlobalSection(ProjectConfigurationPlatforms) = postSolution
		{01B658B1-F804-6706-91D5-7FF6A5B78EFE}.Debug|Any CPU.ActiveCfg = Debug|Any CPU
		{01B658B1-F804-6706-91D5-7FF6A5B78EFE}.Debug|Any CPU.Build.0 = Debug|Any CPU
		{01B658B1-F804-6706-91D5-7FF6A5B78EFE}.Release|Any CPU.ActiveCfg = Release|Any CPU
		{01B658B1-F804-6706-91D5-7FF6A5B78EFE}.Release|Any CPU.Build.0 = Release|Any CPU
	EndGlobalSection
	GlobalSection(SolutionProperties) = preSolution
		HideSolutionNode = FALSE
	EndGlobalSection
	GlobalSection(NestedProjects) = preSolution
		{01B658B1-F804-6706-91D5-7FF6A5B78EFE} = {02EA681E-C7D8-13C7-8484-4AC65E1B71E8}
	EndGlobalSection
	GlobalSection(ExtensibilityGlobals) = postSolution
		SolutionGuid = {E29F110D-FCD3-457A-8066-36D7CE774F06}
	EndGlobalSection
EndGlobal
